
Microsoft Visual Studio Solution File, Format Version 12.00
# Visual Studio Version 16
VisualStudioVersion = 16.0.31019.35
MinimumVisualStudioVersion = 10.0.40219.1
Project("{9A19103F-16F7-4668-BE54-9A1E7A4F7556}") = "AskPam.Crm.Core", "src\AskPam.Crm.Core\AskPam.Crm.Core.csproj", "{6E1CFEF1-30DF-44DF-B8C0-8B03154D78AD}"
EndProject
Project("{9A19103F-16F7-4668-BE54-9A1E7A4F7556}") = "AskPam.Crm.Infrastructure", "src\AskPam.Crm.Infrastructure\AskPam.Crm.Infrastructure.csproj", "{088C2C0E-266D-4F9F-AADD-E09E90B2FA50}"
EndProject
Project("{2150E333-8FDC-42A3-9474-1A3956D46DE8}") = "test", "test", "{62297D5D-1A5E-4E03-98D8-DBFB25534B3A}"
EndProject
Project("{9A19103F-16F7-4668-BE54-9A1E7A4F7556}") = "AskPam.Crm.IntegratedTests", "test\AskPam.Crm.Tests\AskPam.Crm.IntegratedTests.csproj", "{5170F46F-6532-410A-A45E-A23763ACC74D}"
EndProject
Project("{00D1A9C2-B5F0-4AF3-8072-F6C62B433612}") = "AskPam.Crm.DB", "src\AskPam.Crm.DB\AskPam.Crm.DB.sqlproj", "{82C272D3-09BD-4E46-858B-18AA95D442ED}"
EndProject
Project("{9A19103F-16F7-4668-BE54-9A1E7A4F7556}") = "AskPam.Crm.UnitTests", "test\AskPam.Crm.UnitTests\AskPam.Crm.UnitTests.csproj", "{13926BB7-2B16-4540-BF40-44BB60C58FA0}"
EndProject
Project("{2150E333-8FDC-42A3-9474-1A3956D46DE8}") = "Framework", "Framework", "{AC7D06C6-9D2A-47BE-A744-F1E19A710D3D}"
EndProject
Project("{9A19103F-16F7-4668-BE54-9A1E7A4F7556}") = "AskPam", "framework\src\AskPam\AskPam.csproj", "{1AA376F7-4496-4A15-9B26-007FEFED99A4}"
EndProject
Project("{9A19103F-16F7-4668-BE54-9A1E7A4F7556}") = "AskPam.EntityFramework", "framework\src\AskPam.EntityFramework\AskPam.EntityFramework.csproj", "{9642E0E0-A798-4841-85AA-6DB00CAC8C2A}"
EndProject
Project("{2150E333-8FDC-42A3-9474-1A3956D46DE8}") = "test", "test", "{7B85006D-D7F4-423D-8185-FDE01AE05320}"
EndProject
Project("{9A19103F-16F7-4668-BE54-9A1E7A4F7556}") = "AskPam.Crm.Web", "src\AskPam.Crm.Web\AskPam.Crm.Web.csproj", "{A5CAD840-BE81-41BD-8A59-D7CF9E8DDC6A}"
	ProjectSection(ProjectDependencies) = postProject
		{088C2C0E-266D-4F9F-AADD-E09E90B2FA50} = {088C2C0E-266D-4F9F-AADD-E09E90B2FA50}
		{6E1CFEF1-30DF-44DF-B8C0-8B03154D78AD} = {6E1CFEF1-30DF-44DF-B8C0-8B03154D78AD}
	EndProjectSection
EndProject
Global
	GlobalSection(SolutionConfigurationPlatforms) = preSolution
		Debug|Any CPU = Debug|Any CPU
		Debug|x64 = Debug|x64
		Debug|x86 = Debug|x86
		Release|Any CPU = Release|Any CPU
		Release|x64 = Release|x64
		Release|x86 = Release|x86
	EndGlobalSection
	GlobalSection(ProjectConfigurationPlatforms) = postSolution
		{6E1CFEF1-30DF-44DF-B8C0-8B03154D78AD}.Debug|Any CPU.ActiveCfg = Debug|Any CPU
		{6E1CFEF1-30DF-44DF-B8C0-8B03154D78AD}.Debug|Any CPU.Build.0 = Debug|Any CPU
		{6E1CFEF1-30DF-44DF-B8C0-8B03154D78AD}.Debug|x64.ActiveCfg = Debug|Any CPU
		{6E1CFEF1-30DF-44DF-B8C0-8B03154D78AD}.Debug|x64.Build.0 = Debug|Any CPU
		{6E1CFEF1-30DF-44DF-B8C0-8B03154D78AD}.Debug|x86.ActiveCfg = Debug|Any CPU
		{6E1CFEF1-30DF-44DF-B8C0-8B03154D78AD}.Debug|x86.Build.0 = Debug|Any CPU
		{6E1CFEF1-30DF-44DF-B8C0-8B03154D78AD}.Release|Any CPU.ActiveCfg = Release|Any CPU
		{6E1CFEF1-30DF-44DF-B8C0-8B03154D78AD}.Release|Any CPU.Build.0 = Release|Any CPU
		{6E1CFEF1-30DF-44DF-B8C0-8B03154D78AD}.Release|x64.ActiveCfg = Release|Any CPU
		{6E1CFEF1-30DF-44DF-B8C0-8B03154D78AD}.Release|x64.Build.0 = Release|Any CPU
		{6E1CFEF1-30DF-44DF-B8C0-8B03154D78AD}.Release|x86.ActiveCfg = Release|Any CPU
		{6E1CFEF1-30DF-44DF-B8C0-8B03154D78AD}.Release|x86.Build.0 = Release|Any CPU
		{088C2C0E-266D-4F9F-AADD-E09E90B2FA50}.Debug|Any CPU.ActiveCfg = Debug|Any CPU
		{088C2C0E-266D-4F9F-AADD-E09E90B2FA50}.Debug|Any CPU.Build.0 = Debug|Any CPU
		{088C2C0E-266D-4F9F-AADD-E09E90B2FA50}.Debug|x64.ActiveCfg = Debug|Any CPU
		{088C2C0E-266D-4F9F-AADD-E09E90B2FA50}.Debug|x64.Build.0 = Debug|Any CPU
		{088C2C0E-266D-4F9F-AADD-E09E90B2FA50}.Debug|x86.ActiveCfg = Debug|Any CPU
		{088C2C0E-266D-4F9F-AADD-E09E90B2FA50}.Debug|x86.Build.0 = Debug|Any CPU
		{088C2C0E-266D-4F9F-AADD-E09E90B2FA50}.Release|Any CPU.ActiveCfg = Release|Any CPU
		{088C2C0E-266D-4F9F-AADD-E09E90B2FA50}.Release|Any CPU.Build.0 = Release|Any CPU
		{088C2C0E-266D-4F9F-AADD-E09E90B2FA50}.Release|x64.ActiveCfg = Release|Any CPU
		{088C2C0E-266D-4F9F-AADD-E09E90B2FA50}.Release|x64.Build.0 = Release|Any CPU
		{088C2C0E-266D-4F9F-AADD-E09E90B2FA50}.Release|x86.ActiveCfg = Release|Any CPU
		{088C2C0E-266D-4F9F-AADD-E09E90B2FA50}.Release|x86.Build.0 = Release|Any CPU
		{5170F46F-6532-410A-A45E-A23763ACC74D}.Debug|Any CPU.ActiveCfg = Debug|Any CPU
		{5170F46F-6532-410A-A45E-A23763ACC74D}.Debug|Any CPU.Build.0 = Debug|Any CPU
		{5170F46F-6532-410A-A45E-A23763ACC74D}.Debug|x64.ActiveCfg = Debug|Any CPU
		{5170F46F-6532-410A-A45E-A23763ACC74D}.Debug|x64.Build.0 = Debug|Any CPU
		{5170F46F-6532-410A-A45E-A23763ACC74D}.Debug|x86.ActiveCfg = Debug|Any CPU
		{5170F46F-6532-410A-A45E-A23763ACC74D}.Debug|x86.Build.0 = Debug|Any CPU
		{5170F46F-6532-410A-A45E-A23763ACC74D}.Release|Any CPU.ActiveCfg = Release|Any CPU
		{5170F46F-6532-410A-A45E-A23763ACC74D}.Release|Any CPU.Build.0 = Release|Any CPU
		{5170F46F-6532-410A-A45E-A23763ACC74D}.Release|x64.ActiveCfg = Release|Any CPU
		{5170F46F-6532-410A-A45E-A23763ACC74D}.Release|x64.Build.0 = Release|Any CPU
		{5170F46F-6532-410A-A45E-A23763ACC74D}.Release|x86.ActiveCfg = Release|Any CPU
		{5170F46F-6532-410A-A45E-A23763ACC74D}.Release|x86.Build.0 = Release|Any CPU
		{82C272D3-09BD-4E46-858B-18AA95D442ED}.Debug|Any CPU.ActiveCfg = Debug|Any CPU
		{82C272D3-09BD-4E46-858B-18AA95D442ED}.Debug|Any CPU.Build.0 = Debug|Any CPU
		{82C272D3-09BD-4E46-858B-18AA95D442ED}.Debug|Any CPU.Deploy.0 = Debug|Any CPU
		{82C272D3-09BD-4E46-858B-18AA95D442ED}.Debug|x64.ActiveCfg = Debug|Any CPU
		{82C272D3-09BD-4E46-858B-18AA95D442ED}.Debug|x64.Build.0 = Debug|Any CPU
		{82C272D3-09BD-4E46-858B-18AA95D442ED}.Debug|x64.Deploy.0 = Debug|Any CPU
		{82C272D3-09BD-4E46-858B-18AA95D442ED}.Debug|x86.ActiveCfg = Debug|Any CPU
		{82C272D3-09BD-4E46-858B-18AA95D442ED}.Debug|x86.Build.0 = Debug|Any CPU
		{82C272D3-09BD-4E46-858B-18AA95D442ED}.Debug|x86.Deploy.0 = Debug|Any CPU
		{82C272D3-09BD-4E46-858B-18AA95D442ED}.Release|Any CPU.ActiveCfg = Release|Any CPU
		{82C272D3-09BD-4E46-858B-18AA95D442ED}.Release|Any CPU.Build.0 = Release|Any CPU
		{82C272D3-09BD-4E46-858B-18AA95D442ED}.Release|Any CPU.Deploy.0 = Release|Any CPU
		{82C272D3-09BD-4E46-858B-18AA95D442ED}.Release|x64.ActiveCfg = Release|Any CPU
		{82C272D3-09BD-4E46-858B-18AA95D442ED}.Release|x64.Build.0 = Release|Any CPU
		{82C272D3-09BD-4E46-858B-18AA95D442ED}.Release|x64.Deploy.0 = Release|Any CPU
		{82C272D3-09BD-4E46-858B-18AA95D442ED}.Release|x86.ActiveCfg = Release|Any CPU
		{82C272D3-09BD-4E46-858B-18AA95D442ED}.Release|x86.Build.0 = Release|Any CPU
		{82C272D3-09BD-4E46-858B-18AA95D442ED}.Release|x86.Deploy.0 = Release|Any CPU
		{13926BB7-2B16-4540-BF40-44BB60C58FA0}.Debug|Any CPU.ActiveCfg = Debug|Any CPU
		{13926BB7-2B16-4540-BF40-44BB60C58FA0}.Debug|Any CPU.Build.0 = Debug|Any CPU
		{13926BB7-2B16-4540-BF40-44BB60C58FA0}.Debug|x64.ActiveCfg = Debug|Any CPU
		{13926BB7-2B16-4540-BF40-44BB60C58FA0}.Debug|x64.Build.0 = Debug|Any CPU
		{13926BB7-2B16-4540-BF40-44BB60C58FA0}.Debug|x86.ActiveCfg = Debug|Any CPU
		{13926BB7-2B16-4540-BF40-44BB60C58FA0}.Debug|x86.Build.0 = Debug|Any CPU
		{13926BB7-2B16-4540-BF40-44BB60C58FA0}.Release|Any CPU.ActiveCfg = Release|Any CPU
		{13926BB7-2B16-4540-BF40-44BB60C58FA0}.Release|Any CPU.Build.0 = Release|Any CPU
		{13926BB7-2B16-4540-BF40-44BB60C58FA0}.Release|x64.ActiveCfg = Release|Any CPU
		{13926BB7-2B16-4540-BF40-44BB60C58FA0}.Release|x64.Build.0 = Release|Any CPU
		{13926BB7-2B16-4540-BF40-44BB60C58FA0}.Release|x86.ActiveCfg = Release|Any CPU
		{13926BB7-2B16-4540-BF40-44BB60C58FA0}.Release|x86.Build.0 = Release|Any CPU
		{1AA376F7-4496-4A15-9B26-007FEFED99A4}.Debug|Any CPU.ActiveCfg = Debug|Any CPU
		{1AA376F7-4496-4A15-9B26-007FEFED99A4}.Debug|Any CPU.Build.0 = Debug|Any CPU
		{1AA376F7-4496-4A15-9B26-007FEFED99A4}.Debug|x64.ActiveCfg = Debug|Any CPU
		{1AA376F7-4496-4A15-9B26-007FEFED99A4}.Debug|x64.Build.0 = Debug|Any CPU
		{1AA376F7-4496-4A15-9B26-007FEFED99A4}.Debug|x86.ActiveCfg = Debug|Any CPU
		{1AA376F7-4496-4A15-9B26-007FEFED99A4}.Debug|x86.Build.0 = Debug|Any CPU
		{1AA376F7-4496-4A15-9B26-007FEFED99A4}.Release|Any CPU.ActiveCfg = Release|Any CPU
		{1AA376F7-4496-4A15-9B26-007FEFED99A4}.Release|Any CPU.Build.0 = Release|Any CPU
		{1AA376F7-4496-4A15-9B26-007FEFED99A4}.Release|x64.ActiveCfg = Release|Any CPU
		{1AA376F7-4496-4A15-9B26-007FEFED99A4}.Release|x64.Build.0 = Release|Any CPU
		{1AA376F7-4496-4A15-9B26-007FEFED99A4}.Release|x86.ActiveCfg = Release|Any CPU
		{1AA376F7-4496-4A15-9B26-007FEFED99A4}.Release|x86.Build.0 = Release|Any CPU
		{9642E0E0-A798-4841-85AA-6DB00CAC8C2A}.Debug|Any CPU.ActiveCfg = Debug|Any CPU
		{9642E0E0-A798-4841-85AA-6DB00CAC8C2A}.Debug|Any CPU.Build.0 = Debug|Any CPU
		{9642E0E0-A798-4841-85AA-6DB00CAC8C2A}.Debug|x64.ActiveCfg = Debug|Any CPU
		{9642E0E0-A798-4841-85AA-6DB00CAC8C2A}.Debug|x64.Build.0 = Debug|Any CPU
		{9642E0E0-A798-4841-85AA-6DB00CAC8C2A}.Debug|x86.ActiveCfg = Debug|Any CPU
		{9642E0E0-A798-4841-85AA-6DB00CAC8C2A}.Debug|x86.Build.0 = Debug|Any CPU
		{9642E0E0-A798-4841-85AA-6DB00CAC8C2A}.Release|Any CPU.ActiveCfg = Release|Any CPU
		{9642E0E0-A798-4841-85AA-6DB00CAC8C2A}.Release|Any CPU.Build.0 = Release|Any CPU
		{9642E0E0-A798-4841-85AA-6DB00CAC8C2A}.Release|x64.ActiveCfg = Release|Any CPU
		{9642E0E0-A798-4841-85AA-6DB00CAC8C2A}.Release|x64.Build.0 = Release|Any CPU
		{9642E0E0-A798-4841-85AA-6DB00CAC8C2A}.Release|x86.ActiveCfg = Release|Any CPU
		{9642E0E0-A798-4841-85AA-6DB00CAC8C2A}.Release|x86.Build.0 = Release|Any CPU
		{A5CAD840-BE81-41BD-8A59-D7CF9E8DDC6A}.Debug|Any CPU.ActiveCfg = Debug|Any CPU
		{A5CAD840-BE81-41BD-8A59-D7CF9E8DDC6A}.Debug|Any CPU.Build.0 = Debug|Any CPU
		{A5CAD840-BE81-41BD-8A59-D7CF9E8DDC6A}.Debug|x64.ActiveCfg = Debug|Any CPU
		{A5CAD840-BE81-41BD-8A59-D7CF9E8DDC6A}.Debug|x64.Build.0 = Debug|Any CPU
		{A5CAD840-BE81-41BD-8A59-D7CF9E8DDC6A}.Debug|x86.ActiveCfg = Debug|Any CPU
		{A5CAD840-BE81-41BD-8A59-D7CF9E8DDC6A}.Debug|x86.Build.0 = Debug|Any CPU
		{A5CAD840-BE81-41BD-8A59-D7CF9E8DDC6A}.Release|Any CPU.ActiveCfg = Release|Any CPU
		{A5CAD840-BE81-41BD-8A59-D7CF9E8DDC6A}.Release|Any CPU.Build.0 = Release|Any CPU
		{A5CAD840-BE81-41BD-8A59-D7CF9E8DDC6A}.Release|x64.ActiveCfg = Release|Any CPU
		{A5CAD840-BE81-41BD-8A59-D7CF9E8DDC6A}.Release|x64.Build.0 = Release|Any CPU
		{A5CAD840-BE81-41BD-8A59-D7CF9E8DDC6A}.Release|x86.ActiveCfg = Release|Any CPU
		{A5CAD840-BE81-41BD-8A59-D7CF9E8DDC6A}.Release|x86.Build.0 = Release|Any CPU
	EndGlobalSection
	GlobalSection(SolutionProperties) = preSolution
		HideSolutionNode = FALSE
	EndGlobalSection
	GlobalSection(NestedProjects) = preSolution
		{5170F46F-6532-410A-A45E-A23763ACC74D} = {62297D5D-1A5E-4E03-98D8-DBFB25534B3A}
		{13926BB7-2B16-4540-BF40-44BB60C58FA0} = {62297D5D-1A5E-4E03-98D8-DBFB25534B3A}
		{1AA376F7-4496-4A15-9B26-007FEFED99A4} = {AC7D06C6-9D2A-47BE-A744-F1E19A710D3D}
		{9642E0E0-A798-4841-85AA-6DB00CAC8C2A} = {AC7D06C6-9D2A-47BE-A744-F1E19A710D3D}
		{7B85006D-D7F4-423D-8185-FDE01AE05320} = {AC7D06C6-9D2A-47BE-A744-F1E19A710D3D}
	EndGlobalSection
	GlobalSection(ExtensibilityGlobals) = postSolution
		SolutionGuid = {B8C6D2A6-E7CF-4019-AC66-8314FB0805D3}
	EndGlobalSection
EndGlobal
